
Microsoft Visual Studio Solution File, Format Version 12.00
# Visual Studio 2013
VisualStudioVersion = 12.0.21005.1
MinimumVisualStudioVersion = 10.0.40219.1
Project("{FAE04EC0-301F-11D3-BF4B-00C04F79EFBC}") = "InternetTester.BusinessLogic", "InternetTester.BusinessLogic\InternetTester.BusinessLogic.csproj", "{502C321C-517A-4ACA-ADFD-9E7997A19621}"
EndProject
Project("{FAE04EC0-301F-11D3-BF4B-00C04F79EFBC}") = "InternetTester.Tests", "InternetTester.Tests\InternetTester.Tests.csproj", "{0F10EC7E-17B5-4157-B973-EC69DD7216B5}"
EndProject
Project("{FAE04EC0-301F-11D3-BF4B-00C04F79EFBC}") = "InternetTester.WinForm", "InternetTester.WinForm\InternetTester.WinForm.csproj", "{EB00DA1C-C1C7-48D2-8E2C-CC8CDF647E6A}"
EndProject
Global
	GlobalSection(SolutionConfigurationPlatforms) = preSolution
		Debug|Any CPU = Debug|Any CPU
		Release|Any CPU = Release|Any CPU
	EndGlobalSection
	GlobalSection(ProjectConfigurationPlatforms) = postSolution
		{502C321C-517A-4ACA-ADFD-9E7997A19621}.Debug|Any CPU.ActiveCfg = Debug|Any CPU
		{502C321C-517A-4ACA-ADFD-9E7997A19621}.Debug|Any CPU.Build.0 = Debug|Any CPU
		{502C321C-517A-4ACA-ADFD-9E7997A19621}.Release|Any CPU.ActiveCfg = Release|Any CPU
		{502C321C-517A-4ACA-ADFD-9E7997A19621}.Release|Any CPU.Build.0 = Release|Any CPU
		{0F10EC7E-17B5-4157-B973-EC69DD7216B5}.Debug|Any CPU.ActiveCfg = Debug|Any CPU
		{0F10EC7E-17B5-4157-B973-EC69DD7216B5}.Debug|Any CPU.Build.0 = Debug|Any CPU
		{0F10EC7E-17B5-4157-B973-EC69DD7216B5}.Release|Any CPU.ActiveCfg = Release|Any CPU
		{0F10EC7E-17B5-4157-B973-EC69DD7216B5}.Release|Any CPU.Build.0 = Release|Any CPU
		{EB00DA1C-C1C7-48D2-8E2C-CC8CDF647E6A}.Debug|Any CPU.ActiveCfg = Debug|Any CPU
		{EB00DA1C-C1C7-48D2-8E2C-CC8CDF647E6A}.Debug|Any CPU.Build.0 = Debug|Any CPU
		{EB00DA1C-C1C7-48D2-8E2C-CC8CDF647E6A}.Release|Any CPU.ActiveCfg = Release|Any CPU
		{EB00DA1C-C1C7-48D2-8E2C-CC8CDF647E6A}.Release|Any CPU.Build.0 = Release|Any CPU
	EndGlobalSection
	GlobalSection(SolutionProperties) = preSolution
		HideSolutionNode = FALSE
	EndGlobalSection
EndGlobal
